
Microsoft Visual Studio Solution File, Format Version 12.00
# Visual Studio Version 17
VisualStudioVersion = 17.7.34221.43
MinimumVisualStudioVersion = 10.0.40219.1
Project("{FAE04EC0-301F-11D3-BF4B-00C04F79EFBC}") = "Sorting and Searching", "Sorting and Searching\Sorting and Searching.csproj", "{52CE48E2-496D-4761-92E8-7EF205D6AF14}"
EndProject
Global
	GlobalSection(SolutionConfigurationPlatforms) = preSolution
		Debug|Any CPU = Debug|Any CPU
		Release|Any CPU = Release|Any CPU
	EndGlobalSection
	GlobalSection(ProjectConfigurationPlatforms) = postSolution
		{52CE48E2-496D-4761-92E8-7EF205D6AF14}.Debug|Any CPU.ActiveCfg = Debug|Any CPU
		{52CE48E2-496D-4761-92E8-7EF205D6AF14}.Debug|Any CPU.Build.0 = Debug|Any CPU
		{52CE48E2-496D-4761-92E8-7EF205D6AF14}.Release|Any CPU.ActiveCfg = Release|Any CPU
		{52CE48E2-496D-4761-92E8-7EF205D6AF14}.Release|Any CPU.Build.0 = Release|Any CPU
	EndGlobalSection
	GlobalSection(SolutionProperties) = preSolution
		HideSolutionNode = FALSE
	EndGlobalSection
	GlobalSection(ExtensibilityGlobals) = postSolution
		SolutionGuid = {625F024C-ADA3-4384-9641-BC9C869064B6}
	EndGlobalSection
EndGlobal
